// !$*UTF8*$!
{
	archiveVersion = 1;
	classes = {
	};
	objectVersion = 50;
	objects = {

/* Begin PBXBuildFile section */
		A2BF541525FFDA5200C8D1A8 /* Renderer.swift in Sources */ = {isa = PBXBuildFile; fileRef = A2BF541425FFDA5200C8D1A8 /* Renderer.swift */; };
		A2BF542125FFE20200C8D1A8 /* RippleManager.swift in Sources */ = {isa = PBXBuildFile; fileRef = A2BF542025FFE20200C8D1A8 /* RippleManager.swift */; };
		A2DA324925FE1D38008AF0EA /* AppDelegate.swift in Sources */ = {isa = PBXBuildFile; fileRef = A2DA324825FE1D38008AF0EA /* AppDelegate.swift */; };
		A2DA324B25FE1D38008AF0EA /* SceneDelegate.swift in Sources */ = {isa = PBXBuildFile; fileRef = A2DA324A25FE1D38008AF0EA /* SceneDelegate.swift */; };
		A2DA324D25FE1D38008AF0EA /* ViewController.swift in Sources */ = {isa = PBXBuildFile; fileRef = A2DA324C25FE1D38008AF0EA /* ViewController.swift */; };
		A2DA325025FE1D38008AF0EA /* Main.storyboard in Resources */ = {isa = PBXBuildFile; fileRef = A2DA324E25FE1D38008AF0EA /* Main.storyboard */; };
		A2DA325225FE1D39008AF0EA /* Assets.xcassets in Resources */ = {isa = PBXBuildFile; fileRef = A2DA325125FE1D39008AF0EA /* Assets.xcassets */; };
		A2DA325525FE1D39008AF0EA /* LaunchScreen.storyboard in Resources */ = {isa = PBXBuildFile; fileRef = A2DA325325FE1D39008AF0EA /* LaunchScreen.storyboard */; };
		A2DA326125FE7BE3008AF0EA /* Ripple.metal in Sources */ = {isa = PBXBuildFile; fileRef = A2DA326025FE7BE3008AF0EA /* Ripple.metal */; };
		A2DA326C25FE8A54008AF0EA /* harold.jpg in Resources */ = {isa = PBXBuildFile; fileRef = A2DA326B25FE8A54008AF0EA /* harold.jpg */; };
		A2DA327025FE993B008AF0EA /* company.png in Resources */ = {isa = PBXBuildFile; fileRef = A2DA326F25FE993B008AF0EA /* company.png */; };
/* End PBXBuildFile section */

/* Begin PBXFileReference section */
		A2BF541425FFDA5200C8D1A8 /* Renderer.swift */ = {isa = PBXFileReference; lastKnownFileType = sourcecode.swift; path = Renderer.swift; sourceTree = "<group>"; };
		A2BF542025FFE20200C8D1A8 /* RippleManager.swift */ = {isa = PBXFileReference; lastKnownFileType = sourcecode.swift; path = RippleManager.swift; sourceTree = "<group>"; };
		A2DA324525FE1D38008AF0EA /* Ripple.app */ = {isa = PBXFileReference; explicitFileType = wrapper.application; includeInIndex = 0; path = Ripple.app; sourceTree = BUILT_PRODUCTS_DIR; };
		A2DA324825FE1D38008AF0EA /* AppDelegate.swift */ = {isa = PBXFileReference; lastKnownFileType = sourcecode.swift; path = AppDelegate.swift; sourceTree = "<group>"; };
		A2DA324A25FE1D38008AF0EA /* SceneDelegate.swift */ = {isa = PBXFileReference; lastKnownFileType = sourcecode.swift; path = SceneDelegate.swift; sourceTree = "<group>"; };
		A2DA324C25FE1D38008AF0EA /* ViewController.swift */ = {isa = PBXFileReference; lastKnownFileType = sourcecode.swift; path = ViewController.swift; sourceTree = "<group>"; };
		A2DA324F25FE1D38008AF0EA /* Base */ = {isa = PBXFileReference; lastKnownFileType = file.storyboard; name = Base; path = Base.lproj/Main.storyboard; sourceTree = "<group>"; };
		A2DA325125FE1D39008AF0EA /* Assets.xcassets */ = {isa = PBXFileReference; lastKnownFileType = folder.assetcatalog; path = Assets.xcassets; sourceTree = "<group>"; };
		A2DA325425FE1D39008AF0EA /* Base */ = {isa = PBXFileReference; lastKnownFileType = file.storyboard; name = Base; path = Base.lproj/LaunchScreen.storyboard; sourceTree = "<group>"; };
		A2DA325625FE1D39008AF0EA /* Info.plist */ = {isa = PBXFileReference; lastKnownFileType = text.plist.xml; path = Info.plist; sourceTree = "<group>"; };
		A2DA325D25FE1D3F008AF0EA /* Ripple.entitlements */ = {isa = PBXFileReference; lastKnownFileType = text.plist.entitlements; path = Ripple.entitlements; sourceTree = "<group>"; };
		A2DA326025FE7BE3008AF0EA /* Ripple.metal */ = {isa = PBXFileReference; lastKnownFileType = sourcecode.metal; path = Ripple.metal; sourceTree = "<group>"; };
		A2DA326B25FE8A54008AF0EA /* harold.jpg */ = {isa = PBXFileReference; lastKnownFileType = image.jpeg; path = harold.jpg; sourceTree = "<group>"; };
		A2DA326F25FE993B008AF0EA /* company.png */ = {isa = PBXFileReference; lastKnownFileType = image.png; path = company.png; sourceTree = "<group>"; };
/* End PBXFileReference section */

/* Begin PBXFrameworksBuildPhase section */
		A2DA324225FE1D38008AF0EA /* Frameworks */ = {
			isa = PBXFrameworksBuildPhase;
			buildActionMask = 2147483647;
			files = (
			);
			runOnlyForDeploymentPostprocessing = 0;
		};
/* End PBXFrameworksBuildPhase section */

/* Begin PBXGroup section */
		A2DA323C25FE1D38008AF0EA = {
			isa = PBXGroup;
			children = (
				A2DA324725FE1D38008AF0EA /* Ripple */,
				A2DA324625FE1D38008AF0EA /* Products */,
			);
			sourceTree = "<group>";
		};
		A2DA324625FE1D38008AF0EA /* Products */ = {
			isa = PBXGroup;
			children = (
				A2DA324525FE1D38008AF0EA /* Ripple.app */,
			);
			name = Products;
			sourceTree = "<group>";
		};
		A2DA324725FE1D38008AF0EA /* Ripple */ = {
			isa = PBXGroup;
			children = (
				A2DA325625FE1D39008AF0EA /* Info.plist */,
				A2DA325D25FE1D3F008AF0EA /* Ripple.entitlements */,
				A2DA324E25FE1D38008AF0EA /* Main.storyboard */,
				A2DA325325FE1D39008AF0EA /* LaunchScreen.storyboard */,
				A2DA325125FE1D39008AF0EA /* Assets.xcassets */,
				A2DA324825FE1D38008AF0EA /* AppDelegate.swift */,
				A2DA324A25FE1D38008AF0EA /* SceneDelegate.swift */,
				A2DA324C25FE1D38008AF0EA /* ViewController.swift */,
				A2BF541425FFDA5200C8D1A8 /* Renderer.swift */,
				A2DA326025FE7BE3008AF0EA /* Ripple.metal */,
				A2DA326F25FE993B008AF0EA /* company.png */,
				A2DA326B25FE8A54008AF0EA /* harold.jpg */,
				A2BF542025FFE20200C8D1A8 /* RippleManager.swift */,
			);
			path = Ripple;
			sourceTree = "<group>";
		};
/* End PBXGroup section */

/* Begin PBXNativeTarget section */
		A2DA324425FE1D38008AF0EA /* Ripple */ = {
			isa = PBXNativeTarget;
			buildConfigurationList = A2DA325925FE1D39008AF0EA /* Build configuration list for PBXNativeTarget "Ripple" */;
			buildPhases = (
				A2DA324125FE1D38008AF0EA /* Sources */,
				A2DA324225FE1D38008AF0EA /* Frameworks */,
				A2DA324325FE1D38008AF0EA /* Resources */,
			);
			buildRules = (
			);
			dependencies = (
			);
			name = Ripple;
			productName = Ripple;
			productReference = A2DA324525FE1D38008AF0EA /* Ripple.app */;
			productType = "com.apple.product-type.application";
		};
/* End PBXNativeTarget section */

/* Begin PBXProject section */
		A2DA323D25FE1D38008AF0EA /* Project object */ = {
			isa = PBXProject;
			attributes = {
				LastSwiftUpdateCheck = 1240;
				LastUpgradeCheck = 1240;
				TargetAttributes = {
					A2DA324425FE1D38008AF0EA = {
						CreatedOnToolsVersion = 12.4;
					};
				};
			};
			buildConfigurationList = A2DA324025FE1D38008AF0EA /* Build configuration list for PBXProject "Ripple" */;
			compatibilityVersion = "Xcode 9.3";
			developmentRegion = en;
			hasScannedForEncodings = 0;
			knownRegions = (
				en,
				Base,
			);
			mainGroup = A2DA323C25FE1D38008AF0EA;
			productRefGroup = A2DA324625FE1D38008AF0EA /* Products */;
			projectDirPath = "";
			projectRoot = "";
			targets = (
				A2DA324425FE1D38008AF0EA /* Ripple */,
			);
		};
/* End PBXProject section */

/* Begin PBXResourcesBuildPhase section */
		A2DA324325FE1D38008AF0EA /* Resources */ = {
			isa = PBXResourcesBuildPhase;
			buildActionMask = 2147483647;
			files = (
				A2DA325525FE1D39008AF0EA /* LaunchScreen.storyboard in Resources */,
				A2DA325225FE1D39008AF0EA /* Assets.xcassets in Resources */,
				A2DA325025FE1D38008AF0EA /* Main.storyboard in Resources */,
				A2DA327025FE993B008AF0EA /* company.png in Resources */,
				A2DA326C25FE8A54008AF0EA /* harold.jpg in Resources */,
			);
			runOnlyForDeploymentPostprocessing = 0;
		};
/* End PBXResourcesBuildPhase section */

/* Begin PBXSourcesBuildPhase section */
		A2DA324125FE1D38008AF0EA /* Sources */ = {
			isa = PBXSourcesBuildPhase;
			buildActionMask = 2147483647;
			files = (
				A2DA324D25FE1D38008AF0EA /* ViewController.swift in Sources */,
				A2DA326125FE7BE3008AF0EA /* Ripple.metal in Sources */,
				A2DA324925FE1D38008AF0EA /* AppDelegate.swift in Sources */,
				A2BF542125FFE20200C8D1A8 /* RippleManager.swift in Sources */,
				A2BF541525FFDA5200C8D1A8 /* Renderer.swift in Sources */,
				A2DA324B25FE1D38008AF0EA /* SceneDelegate.swift in Sources */,
			);
			runOnlyForDeploymentPostprocessing = 0;
		};
/* End PBXSourcesBuildPhase section */

/* Begin PBXVariantGroup section */
		A2DA324E25FE1D38008AF0EA /* Main.storyboard */ = {
			isa = PBXVariantGroup;
			children = (
				A2DA324F25FE1D38008AF0EA /* Base */,
			);
			name = Main.storyboard;
			sourceTree = "<group>";
		};
		A2DA325325FE1D39008AF0EA /* LaunchScreen.storyboard */ = {
			isa = PBXVariantGroup;
			children = (
				A2DA325425FE1D39008AF0EA /* Base */,
			);
			name = LaunchScreen.storyboard;
			sourceTree = "<group>";
		};
/* End PBXVariantGroup section */

/* Begin XCBuildConfiguration section */
		A2DA325725FE1D39008AF0EA /* Debug */ = {
			isa = XCBuildConfiguration;
			buildSettings = {
				ALWAYS_SEARCH_USER_PATHS = NO;
				CLANG_ANALYZER_NONNULL = YES;
				CLANG_ANALYZER_NUMBER_OBJECT_CONVERSION = YES_AGGRESSIVE;
				CLANG_CXX_LANGUAGE_STANDARD = "gnu++14";
				CLANG_CXX_LIBRARY = "libc++";
				CLANG_ENABLE_MODULES = YES;
				CLANG_ENABLE_OBJC_ARC = YES;
				CLANG_ENABLE_OBJC_WEAK = YES;
				CLANG_WARN_BLOCK_CAPTURE_AUTORELEASING = YES;
				CLANG_WARN_BOOL_CONVERSION = YES;
				CLANG_WARN_COMMA = YES;
				CLANG_WARN_CONSTANT_CONVERSION = YES;
				CLANG_WARN_DEPRECATED_OBJC_IMPLEMENTATIONS = YES;
				CLANG_WARN_DIRECT_OBJC_ISA_USAGE = YES_ERROR;
				CLANG_WARN_DOCUMENTATION_COMMENTS = YES;
				CLANG_WARN_EMPTY_BODY = YES;
				CLANG_WARN_ENUM_CONVERSION = YES;
				CLANG_WARN_INFINITE_RECURSION = YES;
				CLANG_WARN_INT_CONVERSION = YES;
				CLANG_WARN_NON_LITERAL_NULL_CONVERSION = YES;
				CLANG_WARN_OBJC_IMPLICIT_RETAIN_SELF = YES;
				CLANG_WARN_OBJC_LITERAL_CONVERSION = YES;
				CLANG_WARN_OBJC_ROOT_CLASS = YES_ERROR;
				CLANG_WARN_QUOTED_INCLUDE_IN_FRAMEWORK_HEADER = YES;
				CLANG_WARN_RANGE_LOOP_ANALYSIS = YES;
				CLANG_WARN_STRICT_PROTOTYPES = YES;
				CLANG_WARN_SUSPICIOUS_MOVE = YES;
				CLANG_WARN_UNGUARDED_AVAILABILITY = YES_AGGRESSIVE;
				CLANG_WARN_UNREACHABLE_CODE = YES;
				CLANG_WARN__DUPLICATE_METHOD_MATCH = YES;
				COPY_PHASE_STRIP = NO;
				DEBUG_INFORMATION_FORMAT = dwarf;
				ENABLE_STRICT_OBJC_MSGSEND = YES;
				ENABLE_TESTABILITY = YES;
				GCC_C_LANGUAGE_STANDARD = gnu11;
				GCC_DYNAMIC_NO_PIC = NO;
				GCC_NO_COMMON_BLOCKS = YES;
				GCC_OPTIMIZATION_LEVEL = 0;
				GCC_PREPROCESSOR_DEFINITIONS = (
					"DEBUG=1",
					"$(inherited)",
				);
				GCC_WARN_64_TO_32_BIT_CONVERSION = YES;
				GCC_WARN_ABOUT_RETURN_TYPE = YES_ERROR;
				GCC_WARN_UNDECLARED_SELECTOR = YES;
				GCC_WARN_UNINITIALIZED_AUTOS = YES_AGGRESSIVE;
				GCC_WARN_UNUSED_FUNCTION = YES;
				GCC_WARN_UNUSED_VARIABLE = YES;
				IPHONEOS_DEPLOYMENT_TARGET = 14.4;
				MTL_ENABLE_DEBUG_INFO = INCLUDE_SOURCE;
				MTL_FAST_MATH = YES;
				ONLY_ACTIVE_ARCH = YES;
				SDKROOT = iphoneos;
				SWIFT_ACTIVE_COMPILATION_CONDITIONS = DEBUG;
				SWIFT_OPTIMIZATION_LEVEL = "-Onone";
			};
			name = Debug;
		};
		A2DA325825FE1D39008AF0EA /* Release */ = {
			isa = XCBuildConfiguration;
			buildSettings = {
				ALWAYS_SEARCH_USER_PATHS = NO;
				CLANG_ANALYZER_NONNULL = YES;
				CLANG_ANALYZER_NUMBER_OBJECT_CONVERSION = YES_AGGRESSIVE;
				CLANG_CXX_LANGUAGE_STANDARD = "gnu++14";
				CLANG_CXX_LIBRARY = "libc++";
				CLANG_ENABLE_MODULES = YES;
				CLANG_ENABLE_OBJC_ARC = YES;
				CLANG_ENABLE_OBJC_WEAK = YES;
				CLANG_WARN_BLOCK_CAPTURE_AUTORELEASING = YES;
				CLANG_WARN_BOOL_CONVERSION = YES;
				CLANG_WARN_COMMA = YES;
				CLANG_WARN_CONSTANT_CONVERSION = YES;
				CLANG_WARN_DEPRECATED_OBJC_IMPLEMENTATIONS = YES;
				CLANG_WARN_DIRECT_OBJC_ISA_USAGE = YES_ERROR;
				CLANG_WARN_DOCUMENTATION_COMMENTS = YES;
				CLANG_WARN_EMPTY_BODY = YES;
				CLANG_WARN_ENUM_CONVERSION = YES;
				CLANG_WARN_INFINITE_RECURSION = YES;
				CLANG_WARN_INT_CONVERSION = YES;
				CLANG_WARN_NON_LITERAL_NULL_CONVERSION = YES;
				CLANG_WARN_OBJC_IMPLICIT_RETAIN_SELF = YES;
				CLANG_WARN_OBJC_LITERAL_CONVERSION = YES;
				CLANG_WARN_OBJC_ROOT_CLASS = YES_ERROR;
				CLANG_WARN_QUOTED_INCLUDE_IN_FRAMEWORK_HEADER = YES;
				CLANG_WARN_RANGE_LOOP_ANALYSIS = YES;
				CLANG_WARN_STRICT_PROTOTYPES = YES;
				CLANG_WARN_SUSPICIOUS_MOVE = YES;
				CLANG_WARN_UNGUARDED_AVAILABILITY = YES_AGGRESSIVE;
				CLANG_WARN_UNREACHABLE_CODE = YES;
				CLANG_WARN__DUPLICATE_METHOD_MATCH = YES;
				COPY_PHASE_STRIP = NO;
				DEBUG_INFORMATION_FORMAT = "dwarf-with-dsym";
				ENABLE_NS_ASSERTIONS = NO;
				ENABLE_STRICT_OBJC_MSGSEND = YES;
				GCC_C_LANGUAGE_STANDARD = gnu11;
				GCC_NO_COMMON_BLOCKS = YES;
				GCC_WARN_64_TO_32_BIT_CONVERSION = YES;
				GCC_WARN_ABOUT_RETURN_TYPE = YES_ERROR;
				GCC_WARN_UNDECLARED_SELECTOR = YES;
				GCC_WARN_UNINITIALIZED_AUTOS = YES_AGGRESSIVE;
				GCC_WARN_UNUSED_FUNCTION = YES;
				GCC_WARN_UNUSED_VARIABLE = YES;
				IPHONEOS_DEPLOYMENT_TARGET = 14.4;
				MTL_ENABLE_DEBUG_INFO = NO;
				MTL_FAST_MATH = YES;
				SDKROOT = iphoneos;
				SWIFT_COMPILATION_MODE = wholemodule;
				SWIFT_OPTIMIZATION_LEVEL = "-O";
				VALIDATE_PRODUCT = YES;
			};
			name = Release;
		};
		A2DA325A25FE1D39008AF0EA /* Debug */ = {
			isa = XCBuildConfiguration;
			buildSettings = {
				ASSETCATALOG_COMPILER_APPICON_NAME = AppIcon;
				ASSETCATALOG_COMPILER_GLOBAL_ACCENT_COLOR_NAME = AccentColor;
				CODE_SIGN_ENTITLEMENTS = Ripple/Ripple.entitlements;
				CODE_SIGN_STYLE = Automatic;
				DEVELOPMENT_TEAM = 74EMV3N575;
				INFOPLIST_FILE = Ripple/Info.plist;
				LD_RUNPATH_SEARCH_PATHS = (
					"$(inherited)",
					"@executable_path/Frameworks",
				);
				PRODUCT_BUNDLE_IDENTIFIER = com.citrus.Ripple;
				PRODUCT_NAME = "$(TARGET_NAME)";
				SUPPORTS_MACCATALYST = YES;
				SWIFT_VERSION = 5.0;
				TARGETED_DEVICE_FAMILY = "1,2";
			};
			name = Debug;
		};
		A2DA325B25FE1D39008AF0EA /* Release */ = {
			isa = XCBuildConfiguration;
			buildSettings = {
				ASSETCATALOG_COMPILER_APPICON_NAME = AppIcon;
				ASSETCATALOG_COMPILER_GLOBAL_ACCENT_COLOR_NAME = AccentColor;
				CODE_SIGN_ENTITLEMENTS = Ripple/Ripple.entitlements;
				CODE_SIGN_STYLE = Automatic;
				DEVELOPMENT_TEAM = 74EMV3N575;
				INFOPLIST_FILE = Ripple/Info.plist;
				LD_RUNPATH_SEARCH_PATHS = (
					"$(inherited)",
					"@executable_path/Frameworks",
				);
				PRODUCT_BUNDLE_IDENTIFIER = com.citrus.Ripple;
				PRODUCT_NAME = "$(TARGET_NAME)";
				SUPPORTS_MACCATALYST = YES;
				SWIFT_VERSION = 5.0;
				TARGETED_DEVICE_FAMILY = "1,2";
			};
			name = Release;
		};
/* End XCBuildConfiguration section */

/* Begin XCConfigurationList section */
		A2DA324025FE1D38008AF0EA /* Build configuration list for PBXProject "Ripple" */ = {
			isa = XCConfigurationList;
			buildConfigurations = (
				A2DA325725FE1D39008AF0EA /* Debug */,
				A2DA325825FE1D39008AF0EA /* Release */,
			);
			defaultConfigurationIsVisible = 0;
			defaultConfigurationName = Release;
		};
		A2DA325925FE1D39008AF0EA /* Build configuration list for PBXNativeTarget "Ripple" */ = {
			isa = XCConfigurationList;
			buildConfigurations = (
				A2DA325A25FE1D39008AF0EA /* Debug */,
				A2DA325B25FE1D39008AF0EA /* Release */,
			);
			defaultConfigurationIsVisible = 0;
			defaultConfigurationName = Release;
		};
/* End XCConfigurationList section */
	};
	rootObject = A2DA323D25FE1D38008AF0EA /* Project object */;
}
